
Microsoft Visual Studio Solution File, Format Version 12.00
Project("{FAE04EC0-301F-11D3-BF4B-00C04F79EFBC}") = "ewallet-integration", "ewallet-integration\ewallet-integration.csproj", "{B8A0E8D6-4405-4A04-8AE5-62C3B180C79E}"
EndProject
Global
	GlobalSection(SolutionConfigurationPlatforms) = preSolution
		Debug|Any CPU = Debug|Any CPU
		Release|Any CPU = Release|Any CPU
	EndGlobalSection
	GlobalSection(ProjectConfigurationPlatforms) = postSolution
		{B8A0E8D6-4405-4A04-8AE5-62C3B180C79E}.Debug|Any CPU.ActiveCfg = Debug|Any CPU
		{B8A0E8D6-4405-4A04-8AE5-62C3B180C79E}.Debug|Any CPU.Build.0 = Debug|Any CPU
		{B8A0E8D6-4405-4A04-8AE5-62C3B180C79E}.Release|Any CPU.ActiveCfg = Release|Any CPU
		{B8A0E8D6-4405-4A04-8AE5-62C3B180C79E}.Release|Any CPU.Build.0 = Release|Any CPU
	EndGlobalSection
EndGlobal
